
Microsoft Visual Studio Solution File, Format Version 12.00
# Visual Studio Version 17
VisualStudioVersion = 17.14.36327.8 d17.14
MinimumVisualStudioVersion = 10.0.40219.1
Project("{FAE04EC0-301F-11D3-BF4B-00C04F79EFBC}") = "CodeForFuture_Tasks", "CodeForFuture_Tasks\CodeForFuture_Tasks.csproj", "{2A73DF0C-B65D-4751-BDE6-6F860D50D323}"
EndProject
Global
	GlobalSection(SolutionConfigurationPlatforms) = preSolution
		Debug|Any CPU = Debug|Any CPU
		Release|Any CPU = Release|Any CPU
	EndGlobalSection
	GlobalSection(ProjectConfigurationPlatforms) = postSolution
		{2A73DF0C-B65D-4751-BDE6-6F860D50D323}.Debug|Any CPU.ActiveCfg = Debug|Any CPU
		{2A73DF0C-B65D-4751-BDE6-6F860D50D323}.Debug|Any CPU.Build.0 = Debug|Any CPU
		{2A73DF0C-B65D-4751-BDE6-6F860D50D323}.Release|Any CPU.ActiveCfg = Release|Any CPU
		{2A73DF0C-B65D-4751-BDE6-6F860D50D323}.Release|Any CPU.Build.0 = Release|Any CPU
	EndGlobalSection
	GlobalSection(SolutionProperties) = preSolution
		HideSolutionNode = FALSE
	EndGlobalSection
	GlobalSection(ExtensibilityGlobals) = postSolution
		SolutionGuid = {EE7DC652-E271-4D03-B33B-44A101CCBA60}
	EndGlobalSection
EndGlobal
